
Microsoft Visual Studio Solution File, Format Version 12.00
Project("{FAE04EC0-301F-11D3-BF4B-00C04F79EFBC}") = "UnicodeNamer", "UnicodeNamer\UnicodeNamer.csproj", "{AB22E69C-64FC-4EB3-9108-20B812B5EDB6}"
EndProject
Global
	GlobalSection(SolutionConfigurationPlatforms) = preSolution
		Debug|Any CPU = Debug|Any CPU
		Release|Any CPU = Release|Any CPU
	EndGlobalSection
	GlobalSection(ProjectConfigurationPlatforms) = postSolution
		{AB22E69C-64FC-4EB3-9108-20B812B5EDB6}.Debug|Any CPU.ActiveCfg = Debug|Any CPU
		{AB22E69C-64FC-4EB3-9108-20B812B5EDB6}.Debug|Any CPU.Build.0 = Debug|Any CPU
		{AB22E69C-64FC-4EB3-9108-20B812B5EDB6}.Release|Any CPU.ActiveCfg = Release|Any CPU
		{AB22E69C-64FC-4EB3-9108-20B812B5EDB6}.Release|Any CPU.Build.0 = Release|Any CPU
	EndGlobalSection
EndGlobal
